
Microsoft Visual Studio Solution File, Format Version 12.00
# Visual Studio Version 17
VisualStudioVersion = 17.5.33424.131
MinimumVisualStudioVersion = 10.0.40219.1
Project("{F184B08F-C81C-45F6-A57F-5ABD9991F28F}") = "ConsoleApp2", "ConsoleApp2.vbproj", "{48AFEFCE-9DAC-4BE9-B1D4-E6932D99E3CD}"
EndProject
Global
	GlobalSection(SolutionConfigurationPlatforms) = preSolution
		Debug|Any CPU = Debug|Any CPU
		Release|Any CPU = Release|Any CPU
	EndGlobalSection
	GlobalSection(ProjectConfigurationPlatforms) = postSolution
		{48AFEFCE-9DAC-4BE9-B1D4-E6932D99E3CD}.Debug|Any CPU.ActiveCfg = Debug|Any CPU
		{48AFEFCE-9DAC-4BE9-B1D4-E6932D99E3CD}.Debug|Any CPU.Build.0 = Debug|Any CPU
		{48AFEFCE-9DAC-4BE9-B1D4-E6932D99E3CD}.Release|Any CPU.ActiveCfg = Release|Any CPU
		{48AFEFCE-9DAC-4BE9-B1D4-E6932D99E3CD}.Release|Any CPU.Build.0 = Release|Any CPU
	EndGlobalSection
	GlobalSection(SolutionProperties) = preSolution
		HideSolutionNode = FALSE
	EndGlobalSection
	GlobalSection(ExtensibilityGlobals) = postSolution
		SolutionGuid = {34956FB3-CFF4-4582-B725-9AD77F0E130D}
	EndGlobalSection
EndGlobal
